// !$*UTF8*$!
{
	archiveVersion = 1;
	classes = {
	};
	objectVersion = 46;
	objects = {

/* Begin PBXBuildFile section */
		D1802C4B1C6A4269007919B1 /* AppDelegate.swift in Sources */ = {isa = PBXBuildFile; fileRef = D1802C4A1C6A4269007919B1 /* AppDelegate.swift */; };
		D1802C4D1C6A4269007919B1 /* ViewController.swift in Sources */ = {isa = PBXBuildFile; fileRef = D1802C4C1C6A4269007919B1 /* ViewController.swift */; };
		D1802C501C6A4269007919B1 /* Main.storyboard in Resources */ = {isa = PBXBuildFile; fileRef = D1802C4E1C6A4269007919B1 /* Main.storyboard */; };
		D1802C521C6A4269007919B1 /* Assets.xcassets in Resources */ = {isa = PBXBuildFile; fileRef = D1802C511C6A4269007919B1 /* Assets.xcassets */; };
		D1802C551C6A4269007919B1 /* LaunchScreen.storyboard in Resources */ = {isa = PBXBuildFile; fileRef = D1802C531C6A4269007919B1 /* LaunchScreen.storyboard */; };
		D1802C601C6A426A007919B1 /* DRamirez_Shopping_ListTests.swift in Sources */ = {isa = PBXBuildFile; fileRef = D1802C5F1C6A426A007919B1 /* DRamirez_Shopping_ListTests.swift */; };
		D1802C6B1C6A426A007919B1 /* DRamirez_Shopping_ListUITests.swift in Sources */ = {isa = PBXBuildFile; fileRef = D1802C6A1C6A426A007919B1 /* DRamirez_Shopping_ListUITests.swift */; };
/* End PBXBuildFile section */

/* Begin PBXContainerItemProxy section */
		D1802C5C1C6A426A007919B1 /* PBXContainerItemProxy */ = {
			isa = PBXContainerItemProxy;
			containerPortal = D1802C3F1C6A4269007919B1 /* Project object */;
			proxyType = 1;
			remoteGlobalIDString = D1802C461C6A4269007919B1;
			remoteInfo = DRamirez_Shopping_List;
		};
		D1802C671C6A426A007919B1 /* PBXContainerItemProxy */ = {
			isa = PBXContainerItemProxy;
			containerPortal = D1802C3F1C6A4269007919B1 /* Project object */;
			proxyType = 1;
			remoteGlobalIDString = D1802C461C6A4269007919B1;
			remoteInfo = DRamirez_Shopping_List;
		};
/* End PBXContainerItemProxy section */

/* Begin PBXFileReference section */
		D1802C471C6A4269007919B1 /* DRamirez_Shopping_List.app */ = {isa = PBXFileReference; explicitFileType = wrapper.application; includeInIndex = 0; path = DRamirez_Shopping_List.app; sourceTree = BUILT_PRODUCTS_DIR; };
		D1802C4A1C6A4269007919B1 /* AppDelegate.swift */ = {isa = PBXFileReference; lastKnownFileType = sourcecode.swift; path = AppDelegate.swift; sourceTree = "<group>"; };
		D1802C4C1C6A4269007919B1 /* ViewController.swift */ = {isa = PBXFileReference; lastKnownFileType = sourcecode.swift; path = ViewController.swift; sourceTree = "<group>"; };
		D1802C4F1C6A4269007919B1 /* Base */ = {isa = PBXFileReference; lastKnownFileType = file.storyboard; name = Base; path = Base.lproj/Main.storyboard; sourceTree = "<group>"; };
		D1802C511C6A4269007919B1 /* Assets.xcassets */ = {isa = PBXFileReference; lastKnownFileType = folder.assetcatalog; path = Assets.xcassets; sourceTree = "<group>"; };
		D1802C541C6A4269007919B1 /* Base */ = {isa = PBXFileReference; lastKnownFileType = file.storyboard; name = Base; path = Base.lproj/LaunchScreen.storyboard; sourceTree = "<group>"; };
		D1802C561C6A4269007919B1 /* Info.plist */ = {isa = PBXFileReference; lastKnownFileType = text.plist.xml; path = Info.plist; sourceTree = "<group>"; };
		D1802C5B1C6A426A007919B1 /* DRamirez_Shopping_ListTests.xctest */ = {isa = PBXFileReference; explicitFileType = wrapper.cfbundle; includeInIndex = 0; path = DRamirez_Shopping_ListTests.xctest; sourceTree = BUILT_PRODUCTS_DIR; };
		D1802C5F1C6A426A007919B1 /* DRamirez_Shopping_ListTests.swift */ = {isa = PBXFileReference; lastKnownFileType = sourcecode.swift; path = DRamirez_Shopping_ListTests.swift; sourceTree = "<group>"; };
		D1802C611C6A426A007919B1 /* Info.plist */ = {isa = PBXFileReference; lastKnownFileType = text.plist.xml; path = Info.plist; sourceTree = "<group>"; };
		D1802C661C6A426A007919B1 /* DRamirez_Shopping_ListUITests.xctest */ = {isa = PBXFileReference; explicitFileType = wrapper.cfbundle; includeInIndex = 0; path = DRamirez_Shopping_ListUITests.xctest; sourceTree = BUILT_PRODUCTS_DIR; };
		D1802C6A1C6A426A007919B1 /* DRamirez_Shopping_ListUITests.swift */ = {isa = PBXFileReference; lastKnownFileType = sourcecode.swift; path = DRamirez_Shopping_ListUITests.swift; sourceTree = "<group>"; };
		D1802C6C1C6A426A007919B1 /* Info.plist */ = {isa = PBXFileReference; lastKnownFileType = text.plist.xml; path = Info.plist; sourceTree = "<group>"; };
/* End PBXFileReference section */

/* Begin PBXFrameworksBuildPhase section */
		D1802C441C6A4269007919B1 /* Frameworks */ = {
			isa = PBXFrameworksBuildPhase;
			buildActionMask = 2147483647;
			files = (
			);
			runOnlyForDeploymentPostprocessing = 0;
		};
		D1802C581C6A426A007919B1 /* Frameworks */ = {
			isa = PBXFrameworksBuildPhase;
			buildActionMask = 2147483647;
			files = (
			);
			runOnlyForDeploymentPostprocessing = 0;
		};
		D1802C631C6A426A007919B1 /* Frameworks */ = {
			isa = PBXFrameworksBuildPhase;
			buildActionMask = 2147483647;
			files = (
			);
			runOnlyForDeploymentPostprocessing = 0;
		};
/* End PBXFrameworksBuildPhase section */

/* Begin PBXGroup section */
		D1802C3E1C6A4269007919B1 = {
			isa = PBXGroup;
			children = (
				D1802C491C6A4269007919B1 /* DRamirez_Shopping_List */,
				D1802C5E1C6A426A007919B1 /* DRamirez_Shopping_ListTests */,
				D1802C691C6A426A007919B1 /* DRamirez_Shopping_ListUITests */,
				D1802C481C6A4269007919B1 /* Products */,
			);
			sourceTree = "<group>";
		};
		D1802C481C6A4269007919B1 /* Products */ = {
			isa = PBXGroup;
			children = (
				D1802C471C6A4269007919B1 /* DRamirez_Shopping_List.app */,
				D1802C5B1C6A426A007919B1 /* DRamirez_Shopping_ListTests.xctest */,
				D1802C661C6A426A007919B1 /* DRamirez_Shopping_ListUITests.xctest */,
			);
			name = Products;
			sourceTree = "<group>";
		};
		D1802C491C6A4269007919B1 /* DRamirez_Shopping_List */ = {
			isa = PBXGroup;
			children = (
				D1802C4A1C6A4269007919B1 /* AppDelegate.swift */,
				D1802C4C1C6A4269007919B1 /* ViewController.swift */,
				D1802C4E1C6A4269007919B1 /* Main.storyboard */,
				D1802C511C6A4269007919B1 /* Assets.xcassets */,
				D1802C531C6A4269007919B1 /* LaunchScreen.storyboard */,
				D1802C561C6A4269007919B1 /* Info.plist */,
			);
			path = DRamirez_Shopping_List;
			sourceTree = "<group>";
		};
		D1802C5E1C6A426A007919B1 /* DRamirez_Shopping_ListTests */ = {
			isa = PBXGroup;
			children = (
				D1802C5F1C6A426A007919B1 /* DRamirez_Shopping_ListTests.swift */,
				D1802C611C6A426A007919B1 /* Info.plist */,
			);
			path = DRamirez_Shopping_ListTests;
			sourceTree = "<group>";
		};
		D1802C691C6A426A007919B1 /* DRamirez_Shopping_ListUITests */ = {
			isa = PBXGroup;
			children = (
				D1802C6A1C6A426A007919B1 /* DRamirez_Shopping_ListUITests.swift */,
				D1802C6C1C6A426A007919B1 /* Info.plist */,
			);
			path = DRamirez_Shopping_ListUITests;
			sourceTree = "<group>";
		};
/* End PBXGroup section */

/* Begin PBXNativeTarget section */
		D1802C461C6A4269007919B1 /* DRamirez_Shopping_List */ = {
			isa = PBXNativeTarget;
			buildConfigurationList = D1802C6F1C6A426A007919B1 /* Build configuration list for PBXNativeTarget "DRamirez_Shopping_List" */;
			buildPhases = (
				D1802C431C6A4269007919B1 /* Sources */,
				D1802C441C6A4269007919B1 /* Frameworks */,
				D1802C451C6A4269007919B1 /* Resources */,
			);
			buildRules = (
			);
			dependencies = (
			);
			name = DRamirez_Shopping_List;
			productName = DRamirez_Shopping_List;
			productReference = D1802C471C6A4269007919B1 /* DRamirez_Shopping_List.app */;
			productType = "com.apple.product-type.application";
		};
		D1802C5A1C6A426A007919B1 /* DRamirez_Shopping_ListTests */ = {
			isa = PBXNativeTarget;
			buildConfigurationList = D1802C721C6A426A007919B1 /* Build configuration list for PBXNativeTarget "DRamirez_Shopping_ListTests" */;
			buildPhases = (
				D1802C571C6A426A007919B1 /* Sources */,
				D1802C581C6A426A007919B1 /* Frameworks */,
				D1802C591C6A426A007919B1 /* Resources */,
			);
			buildRules = (
			);
			dependencies = (
				D1802C5D1C6A426A007919B1 /* PBXTargetDependency */,
			);
			name = DRamirez_Shopping_ListTests;
			productName = DRamirez_Shopping_ListTests;
			productReference = D1802C5B1C6A426A007919B1 /* DRamirez_Shopping_ListTests.xctest */;
			productType = "com.apple.product-type.bundle.unit-test";
		};
		D1802C651C6A426A007919B1 /* DRamirez_Shopping_ListUITests */ = {
			isa = PBXNativeTarget;
			buildConfigurationList = D1802C751C6A426A007919B1 /* Build configuration list for PBXNativeTarget "DRamirez_Shopping_ListUITests" */;
			buildPhases = (
				D1802C621C6A426A007919B1 /* Sources */,
				D1802C631C6A426A007919B1 /* Frameworks */,
				D1802C641C6A426A007919B1 /* Resources */,
			);
			buildRules = (
			);
			dependencies = (
				D1802C681C6A426A007919B1 /* PBXTargetDependency */,
			);
			name = DRamirez_Shopping_ListUITests;
			productName = DRamirez_Shopping_ListUITests;
			productReference = D1802C661C6A426A007919B1 /* DRamirez_Shopping_ListUITests.xctest */;
			productType = "com.apple.product-type.bundle.ui-testing";
		};
/* End PBXNativeTarget section */

/* Begin PBXProject section */
		D1802C3F1C6A4269007919B1 /* Project object */ = {
			isa = PBXProject;
			attributes = {
				LastSwiftUpdateCheck = 0720;
				LastUpgradeCheck = 0720;
				ORGANIZATIONNAME = "DePaul University";
				TargetAttributes = {
					D1802C461C6A4269007919B1 = {
						CreatedOnToolsVersion = 7.2.1;
					};
					D1802C5A1C6A426A007919B1 = {
						CreatedOnToolsVersion = 7.2.1;
						TestTargetID = D1802C461C6A4269007919B1;
					};
					D1802C651C6A426A007919B1 = {
						CreatedOnToolsVersion = 7.2.1;
						TestTargetID = D1802C461C6A4269007919B1;
					};
				};
			};
			buildConfigurationList = D1802C421C6A4269007919B1 /* Build configuration list for PBXProject "DRamirez_Shopping_List" */;
			compatibilityVersion = "Xcode 3.2";
			developmentRegion = English;
			hasScannedForEncodings = 0;
			knownRegions = (
				en,
				Base,
			);
			mainGroup = D1802C3E1C6A4269007919B1;
			productRefGroup = D1802C481C6A4269007919B1 /* Products */;
			projectDirPath = "";
			projectRoot = "";
			targets = (
				D1802C461C6A4269007919B1 /* DRamirez_Shopping_List */,
				D1802C5A1C6A426A007919B1 /* DRamirez_Shopping_ListTests */,
				D1802C651C6A426A007919B1 /* DRamirez_Shopping_ListUITests */,
			);
		};
/* End PBXProject section */

/* Begin PBXResourcesBuildPhase section */
		D1802C451C6A4269007919B1 /* Resources */ = {
			isa = PBXResourcesBuildPhase;
			buildActionMask = 2147483647;
			files = (
				D1802C551C6A4269007919B1 /* LaunchScreen.storyboard in Resources */,
				D1802C521C6A4269007919B1 /* Assets.xcassets in Resources */,
				D1802C501C6A4269007919B1 /* Main.storyboard in Resources */,
			);
			runOnlyForDeploymentPostprocessing = 0;
		};
		D1802C591C6A426A007919B1 /* Resources */ = {
			isa = PBXResourcesBuildPhase;
			buildActionMask = 2147483647;
			files = (
			);
			runOnlyForDeploymentPostprocessing = 0;
		};
		D1802C641C6A426A007919B1 /* Resources */ = {
			isa = PBXResourcesBuildPhase;
			buildActionMask = 2147483647;
			files = (
			);
			runOnlyForDeploymentPostprocessing = 0;
		};
/* End PBXResourcesBuildPhase section */

/* Begin PBXSourcesBuildPhase section */
		D1802C431C6A4269007919B1 /* Sources */ = {
			isa = PBXSourcesBuildPhase;
			buildActionMask = 2147483647;
			files = (
				D1802C4D1C6A4269007919B1 /* ViewController.swift in Sources */,
				D1802C4B1C6A4269007919B1 /* AppDelegate.swift in Sources */,
			);
			runOnlyForDeploymentPostprocessing = 0;
		};
		D1802C571C6A426A007919B1 /* Sources */ = {
			isa = PBXSourcesBuildPhase;
			buildActionMask = 2147483647;
			files = (
				D1802C601C6A426A007919B1 /* DRamirez_Shopping_ListTests.swift in Sources */,
			);
			runOnlyForDeploymentPostprocessing = 0;
		};
		D1802C621C6A426A007919B1 /* Sources */ = {
			isa = PBXSourcesBuildPhase;
			buildActionMask = 2147483647;
			files = (
				D1802C6B1C6A426A007919B1 /* DRamirez_Shopping_ListUITests.swift in Sources */,
			);
			runOnlyForDeploymentPostprocessing = 0;
		};
/* End PBXSourcesBuildPhase section */

/* Begin PBXTargetDependency section */
		D1802C5D1C6A426A007919B1 /* PBXTargetDependency */ = {
			isa = PBXTargetDependency;
			target = D1802C461C6A4269007919B1 /* DRamirez_Shopping_List */;
			targetProxy = D1802C5C1C6A426A007919B1 /* PBXContainerItemProxy */;
		};
		D1802C681C6A426A007919B1 /* PBXTargetDependency */ = {
			isa = PBXTargetDependency;
			target = D1802C461C6A4269007919B1 /* DRamirez_Shopping_List */;
			targetProxy = D1802C671C6A426A007919B1 /* PBXContainerItemProxy */;
		};
/* End PBXTargetDependency section */

/* Begin PBXVariantGroup section */
		D1802C4E1C6A4269007919B1 /* Main.storyboard */ = {
			isa = PBXVariantGroup;
			children = (
				D1802C4F1C6A4269007919B1 /* Base */,
			);
			name = Main.storyboard;
			sourceTree = "<group>";
		};
		D1802C531C6A4269007919B1 /* LaunchScreen.storyboard */ = {
			isa = PBXVariantGroup;
			children = (
				D1802C541C6A4269007919B1 /* Base */,
			);
			name = LaunchScreen.storyboard;
			sourceTree = "<group>";
		};
/* End PBXVariantGroup section */

/* Begin XCBuildConfiguration section */
		D1802C6D1C6A426A007919B1 /* Debug */ = {
			isa = XCBuildConfiguration;
			buildSettings = {
				ALWAYS_SEARCH_USER_PATHS = NO;
				CLANG_CXX_LANGUAGE_STANDARD = "gnu++0x";
				CLANG_CXX_LIBRARY = "libc++";
				CLANG_ENABLE_MODULES = YES;
				CLANG_ENABLE_OBJC_ARC = YES;
				CLANG_WARN_BOOL_CONVERSION = YES;
				CLANG_WARN_CONSTANT_CONVERSION = YES;
				CLANG_WARN_DIRECT_OBJC_ISA_USAGE = YES_ERROR;
				CLANG_WARN_EMPTY_BODY = YES;
				CLANG_WARN_ENUM_CONVERSION = YES;
				CLANG_WARN_INT_CONVERSION = YES;
				CLANG_WARN_OBJC_ROOT_CLASS = YES_ERROR;
				CLANG_WARN_UNREACHABLE_CODE = YES;
				CLANG_WARN__DUPLICATE_METHOD_MATCH = YES;
				"CODE_SIGN_IDENTITY[sdk=iphoneos*]" = "iPhone Developer";
				COPY_PHASE_STRIP = NO;
				DEBUG_INFORMATION_FORMAT = dwarf;
				ENABLE_STRICT_OBJC_MSGSEND = YES;
				ENABLE_TESTABILITY = YES;
				GCC_C_LANGUAGE_STANDARD = gnu99;
				GCC_DYNAMIC_NO_PIC = NO;
				GCC_NO_COMMON_BLOCKS = YES;
				GCC_OPTIMIZATION_LEVEL = 0;
				GCC_PREPROCESSOR_DEFINITIONS = (
					"DEBUG=1",
					"$(inherited)",
				);
				GCC_WARN_64_TO_32_BIT_CONVERSION = YES;
				GCC_WARN_ABOUT_RETURN_TYPE = YES_ERROR;
				GCC_WARN_UNDECLARED_SELECTOR = YES;
				GCC_WARN_UNINITIALIZED_AUTOS = YES_AGGRESSIVE;
				GCC_WARN_UNUSED_FUNCTION = YES;
				GCC_WARN_UNUSED_VARIABLE = YES;
				IPHONEOS_DEPLOYMENT_TARGET = 9.2;
				MTL_ENABLE_DEBUG_INFO = YES;
				ONLY_ACTIVE_ARCH = YES;
				SDKROOT = iphoneos;
				SWIFT_OPTIMIZATION_LEVEL = "-Onone";
			};
			name = Debug;
		};
		D1802C6E1C6A426A007919B1 /* Release */ = {
			isa = XCBuildConfiguration;
			buildSettings = {
				ALWAYS_SEARCH_USER_PATHS = NO;
				CLANG_CXX_LANGUAGE_STANDARD = "gnu++0x";
				CLANG_CXX_LIBRARY = "libc++";
				CLANG_ENABLE_MODULES = YES;
				CLANG_ENABLE_OBJC_ARC = YES;
				CLANG_WARN_BOOL_CONVERSION = YES;
				CLANG_WARN_CONSTANT_CONVERSION = YES;
				CLANG_WARN_DIRECT_OBJC_ISA_USAGE = YES_ERROR;
				CLANG_WARN_EMPTY_BODY = YES;
				CLANG_WARN_ENUM_CONVERSION = YES;
				CLANG_WARN_INT_CONVERSION = YES;
				CLANG_WARN_OBJC_ROOT_CLASS = YES_ERROR;
				CLANG_WARN_UNREACHABLE_CODE = YES;
				CLANG_WARN__DUPLICATE_METHOD_MATCH = YES;
				"CODE_SIGN_IDENTITY[sdk=iphoneos*]" = "iPhone Developer";
				COPY_PHASE_STRIP = NO;
				DEBUG_INFORMATION_FORMAT = "dwarf-with-dsym";
				ENABLE_NS_ASSERTIONS = NO;
				ENABLE_STRICT_OBJC_MSGSEND = YES;
				GCC_C_LANGUAGE_STANDARD = gnu99;
				GCC_NO_COMMON_BLOCKS = YES;
				GCC_WARN_64_TO_32_BIT_CONVERSION = YES;
				GCC_WARN_ABOUT_RETURN_TYPE = YES_ERROR;
				GCC_WARN_UNDECLARED_SELECTOR = YES;
				GCC_WARN_UNINITIALIZED_AUTOS = YES_AGGRESSIVE;
				GCC_WARN_UNUSED_FUNCTION = YES;
				GCC_WARN_UNUSED_VARIABLE = YES;
				IPHONEOS_DEPLOYMENT_TARGET = 9.2;
				MTL_ENABLE_DEBUG_INFO = NO;
				SDKROOT = iphoneos;
				VALIDATE_PRODUCT = YES;
			};
			name = Release;
		};
		D1802C701C6A426A007919B1 /* Debug */ = {
			isa = XCBuildConfiguration;
			buildSettings = {
				ASSETCATALOG_COMPILER_APPICON_NAME = AppIcon;
				INFOPLIST_FILE = DRamirez_Shopping_List/Info.plist;
				LD_RUNPATH_SEARCH_PATHS = "$(inherited) @executable_path/Frameworks";
				PRODUCT_BUNDLE_IDENTIFIER = "edu.depaul.csc471.DRamirez-Shopping-List";
				PRODUCT_NAME = "$(TARGET_NAME)";
			};
			name = Debug;
		};
		D1802C711C6A426A007919B1 /* Release */ = {
			isa = XCBuildConfiguration;
			buildSettings = {
				ASSETCATALOG_COMPILER_APPICON_NAME = AppIcon;
				INFOPLIST_FILE = DRamirez_Shopping_List/Info.plist;
				LD_RUNPATH_SEARCH_PATHS = "$(inherited) @executable_path/Frameworks";
				PRODUCT_BUNDLE_IDENTIFIER = "edu.depaul.csc471.DRamirez-Shopping-List";
				PRODUCT_NAME = "$(TARGET_NAME)";
			};
			name = Release;
		};
		D1802C731C6A426A007919B1 /* Debug */ = {
			isa = XCBuildConfiguration;
			buildSettings = {
				BUNDLE_LOADER = "$(TEST_HOST)";
				INFOPLIST_FILE = DRamirez_Shopping_ListTests/Info.plist;
				LD_RUNPATH_SEARCH_PATHS = "$(inherited) @executable_path/Frameworks @loader_path/Frameworks";
				PRODUCT_BUNDLE_IDENTIFIER = "edu.depaul.csc471.DRamirez-Shopping-ListTests";
				PRODUCT_NAME = "$(TARGET_NAME)";
				TEST_HOST = "$(BUILT_PRODUCTS_DIR)/DRamirez_Shopping_List.app/DRamirez_Shopping_List";
			};
			name = Debug;
		};
		D1802C741C6A426A007919B1 /* Release */ = {
			isa = XCBuildConfiguration;
			buildSettings = {
				BUNDLE_LOADER = "$(TEST_HOST)";
				INFOPLIST_FILE = DRamirez_Shopping_ListTests/Info.plist;
				LD_RUNPATH_SEARCH_PATHS = "$(inherited) @executable_path/Frameworks @loader_path/Frameworks";
				PRODUCT_BUNDLE_IDENTIFIER = "edu.depaul.csc471.DRamirez-Shopping-ListTests";
				PRODUCT_NAME = "$(TARGET_NAME)";
				TEST_HOST = "$(BUILT_PRODUCTS_DIR)/DRamirez_Shopping_List.app/DRamirez_Shopping_List";
			};
			name = Release;
		};
		D1802C761C6A426A007919B1 /* Debug */ = {
			isa = XCBuildConfiguration;
			buildSettings = {
				INFOPLIST_FILE = DRamirez_Shopping_ListUITests/Info.plist;
				LD_RUNPATH_SEARCH_PATHS = "$(inherited) @executable_path/Frameworks @loader_path/Frameworks";
				PRODUCT_BUNDLE_IDENTIFIER = "edu.depaul.csc471.DRamirez-Shopping-ListUITests";
				PRODUCT_NAME = "$(TARGET_NAME)";
				TEST_TARGET_NAME = DRamirez_Shopping_List;
				USES_XCTRUNNER = YES;
			};
			name = Debug;
		};
		D1802C771C6A426A007919B1 /* Release */ = {
			isa = XCBuildConfiguration;
			buildSettings = {
				INFOPLIST_FILE = DRamirez_Shopping_ListUITests/Info.plist;
				LD_RUNPATH_SEARCH_PATHS = "$(inherited) @executable_path/Frameworks @loader_path/Frameworks";
				PRODUCT_BUNDLE_IDENTIFIER = "edu.depaul.csc471.DRamirez-Shopping-ListUITests";
				PRODUCT_NAME = "$(TARGET_NAME)";
				TEST_TARGET_NAME = DRamirez_Shopping_List;
				USES_XCTRUNNER = YES;
			};
			name = Release;
		};
/* End XCBuildConfiguration section */

/* Begin XCConfigurationList section */
		D1802C421C6A4269007919B1 /* Build configuration list for PBXProject "DRamirez_Shopping_List" */ = {
			isa = XCConfigurationList;
			buildConfigurations = (
				D1802C6D1C6A426A007919B1 /* Debug */,
				D1802C6E1C6A426A007919B1 /* Release */,
			);
			defaultConfigurationIsVisible = 0;
			defaultConfigurationName = Release;
		};
		D1802C6F1C6A426A007919B1 /* Build configuration list for PBXNativeTarget "DRamirez_Shopping_List" */ = {
			isa = XCConfigurationList;
			buildConfigurations = (
				D1802C701C6A426A007919B1 /* Debug */,
				D1802C711C6A426A007919B1 /* Release */,
			);
			defaultConfigurationIsVisible = 0;
		};
		D1802C721C6A426A007919B1 /* Build configuration list for PBXNativeTarget "DRamirez_Shopping_ListTests" */ = {
			isa = XCConfigurationList;
			buildConfigurations = (
				D1802C731C6A426A007919B1 /* Debug */,
				D1802C741C6A426A007919B1 /* Release */,
			);
			defaultConfigurationIsVisible = 0;
		};
		D1802C751C6A426A007919B1 /* Build configuration list for PBXNativeTarget "DRamirez_Shopping_ListUITests" */ = {
			isa = XCConfigurationList;
			buildConfigurations = (
				D1802C761C6A426A007919B1 /* Debug */,
				D1802C771C6A426A007919B1 /* Release */,
			);
			defaultConfigurationIsVisible = 0;
		};
/* End XCConfigurationList section */
	};
	rootObject = D1802C3F1C6A4269007919B1 /* Project object */;
}
